
Microsoft Visual Studio Solution File, Format Version 12.00
# Visual Studio Version 17
VisualStudioVersion = 17.12.35506.116 d17.12
MinimumVisualStudioVersion = 10.0.40219.1
Project("{FAE04EC0-301F-11D3-BF4B-00C04F79EFBC}") = "ReflectionEnumeratorWebUI.Server", "ReflectionEnumeratorWebUI.Server\ReflectionEnumeratorWebUI.Server.csproj", "{B4C32B56-9129-43AC-96D5-D9806E58B252}"
EndProject
Project("{54A90642-561A-4BB1-A94E-469ADEE60C69}") = "reflectionenumeratorwebui.client", "reflectionenumeratorwebui.client\reflectionenumeratorwebui.client.esproj", "{A9983161-F2BF-4A60-B6FB-329CAB860DD4}"
EndProject
Global
	GlobalSection(SolutionConfigurationPlatforms) = preSolution
		Debug|Any CPU = Debug|Any CPU
		Release|Any CPU = Release|Any CPU
	EndGlobalSection
	GlobalSection(ProjectConfigurationPlatforms) = postSolution
		{B4C32B56-9129-43AC-96D5-D9806E58B252}.Debug|Any CPU.ActiveCfg = Debug|Any CPU
		{B4C32B56-9129-43AC-96D5-D9806E58B252}.Debug|Any CPU.Build.0 = Debug|Any CPU
		{B4C32B56-9129-43AC-96D5-D9806E58B252}.Release|Any CPU.ActiveCfg = Release|Any CPU
		{B4C32B56-9129-43AC-96D5-D9806E58B252}.Release|Any CPU.Build.0 = Release|Any CPU
		{A9983161-F2BF-4A60-B6FB-329CAB860DD4}.Debug|Any CPU.ActiveCfg = Debug|Any CPU
		{A9983161-F2BF-4A60-B6FB-329CAB860DD4}.Debug|Any CPU.Build.0 = Debug|Any CPU
		{A9983161-F2BF-4A60-B6FB-329CAB860DD4}.Debug|Any CPU.Deploy.0 = Debug|Any CPU
		{A9983161-F2BF-4A60-B6FB-329CAB860DD4}.Release|Any CPU.ActiveCfg = Release|Any CPU
		{A9983161-F2BF-4A60-B6FB-329CAB860DD4}.Release|Any CPU.Build.0 = Release|Any CPU
		{A9983161-F2BF-4A60-B6FB-329CAB860DD4}.Release|Any CPU.Deploy.0 = Release|Any CPU
	EndGlobalSection
	GlobalSection(SolutionProperties) = preSolution
		HideSolutionNode = FALSE
	EndGlobalSection
EndGlobal
